
Microsoft Visual Studio Solution File, Format Version 12.00
# Visual Studio Version 17
VisualStudioVersion = 17.12.35527.113 d17.12
MinimumVisualStudioVersion = 10.0.40219.1
Project("{2150E333-8FDC-42A3-9474-1A3956D46DE8}") = "src", "src", "{989C187B-E10E-42C3-BB6D-D3310E1EE38D}"
EndProject
Project("{2150E333-8FDC-42A3-9474-1A3956D46DE8}") = "test", "test", "{9EF8A5EC-43B1-4A07-8414-E96301108ACF}"
EndProject
Project("{2150E333-8FDC-42A3-9474-1A3956D46DE8}") = "API", "API", "{4268F245-1EF0-4841-9762-F66FF9EBDD3E}"
EndProject
Project("{2150E333-8FDC-42A3-9474-1A3956D46DE8}") = "Core", "Core", "{D88E52D4-A3E8-4D59-B137-04C14687D9A2}"
EndProject
Project("{2150E333-8FDC-42A3-9474-1A3956D46DE8}") = "Infrastructure", "Infrastructure", "{66DEE213-C508-4193-B9F9-31092B41819B}"
EndProject
Project("{2150E333-8FDC-42A3-9474-1A3956D46DE8}") = "Library", "Library", "{92DCC593-F84F-41B8-823D-24B2E27D5054}"
EndProject
Project("{FAE04EC0-301F-11D3-BF4B-00C04F79EFBC}") = "ProductMgmt.API", "ProductMgmt.API\ProductMgmt.API.csproj", "{53D7AB40-79AF-4B29-9D60-E7F93DE90ED1}"
EndProject
Project("{FAE04EC0-301F-11D3-BF4B-00C04F79EFBC}") = "ProductMgmt.Application", "ProductMgmt.Application\ProductMgmt.Application.csproj", "{11250871-D5EA-4DD4-A523-B212AF17246D}"
EndProject
Project("{FAE04EC0-301F-11D3-BF4B-00C04F79EFBC}") = "ProductMgmt.Domain", "ProductMgmt.Domain\ProductMgmt.Domain.csproj", "{70FA9F5E-AF02-4FA4-84B7-2ADBC416290C}"
EndProject
Project("{FAE04EC0-301F-11D3-BF4B-00C04F79EFBC}") = "ProductMgmt.Persistence", "ProductMgmt.Persistence\ProductMgmt.Persistence.csproj", "{6319D22E-C557-45A8-A5B7-8E7C15D6A405}"
EndProject
Project("{FAE04EC0-301F-11D3-BF4B-00C04F79EFBC}") = "Shared.Library", "Shared.Library\Shared.Library.csproj", "{0BF2B8E5-BEAF-4555-A54A-C51BB9243701}"
EndProject
Project("{2150E333-8FDC-42A3-9474-1A3956D46DE8}") = "UI", "UI", "{5C0634D6-1946-42B9-8B83-B7758B31B785}"
EndProject
Project("{FAE04EC0-301F-11D3-BF4B-00C04F79EFBC}") = "ProductMgmt.MVC", "ProductMgmt.MVC\ProductMgmt.MVC.csproj", "{D903CCCE-4B86-4C7B-BE20-16C174148E7A}"
EndProject
Global
	GlobalSection(SolutionConfigurationPlatforms) = preSolution
		Debug|Any CPU = Debug|Any CPU
		Release|Any CPU = Release|Any CPU
	EndGlobalSection
	GlobalSection(ProjectConfigurationPlatforms) = postSolution
		{53D7AB40-79AF-4B29-9D60-E7F93DE90ED1}.Debug|Any CPU.ActiveCfg = Debug|Any CPU
		{53D7AB40-79AF-4B29-9D60-E7F93DE90ED1}.Debug|Any CPU.Build.0 = Debug|Any CPU
		{53D7AB40-79AF-4B29-9D60-E7F93DE90ED1}.Release|Any CPU.ActiveCfg = Release|Any CPU
		{53D7AB40-79AF-4B29-9D60-E7F93DE90ED1}.Release|Any CPU.Build.0 = Release|Any CPU
		{11250871-D5EA-4DD4-A523-B212AF17246D}.Debug|Any CPU.ActiveCfg = Debug|Any CPU
		{11250871-D5EA-4DD4-A523-B212AF17246D}.Debug|Any CPU.Build.0 = Debug|Any CPU
		{11250871-D5EA-4DD4-A523-B212AF17246D}.Release|Any CPU.ActiveCfg = Release|Any CPU
		{11250871-D5EA-4DD4-A523-B212AF17246D}.Release|Any CPU.Build.0 = Release|Any CPU
		{70FA9F5E-AF02-4FA4-84B7-2ADBC416290C}.Debug|Any CPU.ActiveCfg = Debug|Any CPU
		{70FA9F5E-AF02-4FA4-84B7-2ADBC416290C}.Debug|Any CPU.Build.0 = Debug|Any CPU
		{70FA9F5E-AF02-4FA4-84B7-2ADBC416290C}.Release|Any CPU.ActiveCfg = Release|Any CPU
		{70FA9F5E-AF02-4FA4-84B7-2ADBC416290C}.Release|Any CPU.Build.0 = Release|Any CPU
		{6319D22E-C557-45A8-A5B7-8E7C15D6A405}.Debug|Any CPU.ActiveCfg = Debug|Any CPU
		{6319D22E-C557-45A8-A5B7-8E7C15D6A405}.Debug|Any CPU.Build.0 = Debug|Any CPU
		{6319D22E-C557-45A8-A5B7-8E7C15D6A405}.Release|Any CPU.ActiveCfg = Release|Any CPU
		{6319D22E-C557-45A8-A5B7-8E7C15D6A405}.Release|Any CPU.Build.0 = Release|Any CPU
		{0BF2B8E5-BEAF-4555-A54A-C51BB9243701}.Debug|Any CPU.ActiveCfg = Debug|Any CPU
		{0BF2B8E5-BEAF-4555-A54A-C51BB9243701}.Debug|Any CPU.Build.0 = Debug|Any CPU
		{0BF2B8E5-BEAF-4555-A54A-C51BB9243701}.Release|Any CPU.ActiveCfg = Release|Any CPU
		{0BF2B8E5-BEAF-4555-A54A-C51BB9243701}.Release|Any CPU.Build.0 = Release|Any CPU
		{D903CCCE-4B86-4C7B-BE20-16C174148E7A}.Debug|Any CPU.ActiveCfg = Debug|Any CPU
		{D903CCCE-4B86-4C7B-BE20-16C174148E7A}.Debug|Any CPU.Build.0 = Debug|Any CPU
		{D903CCCE-4B86-4C7B-BE20-16C174148E7A}.Release|Any CPU.ActiveCfg = Release|Any CPU
		{D903CCCE-4B86-4C7B-BE20-16C174148E7A}.Release|Any CPU.Build.0 = Release|Any CPU
	EndGlobalSection
	GlobalSection(SolutionProperties) = preSolution
		HideSolutionNode = FALSE
	EndGlobalSection
	GlobalSection(NestedProjects) = preSolution
		{4268F245-1EF0-4841-9762-F66FF9EBDD3E} = {989C187B-E10E-42C3-BB6D-D3310E1EE38D}
		{D88E52D4-A3E8-4D59-B137-04C14687D9A2} = {989C187B-E10E-42C3-BB6D-D3310E1EE38D}
		{66DEE213-C508-4193-B9F9-31092B41819B} = {989C187B-E10E-42C3-BB6D-D3310E1EE38D}
		{92DCC593-F84F-41B8-823D-24B2E27D5054} = {989C187B-E10E-42C3-BB6D-D3310E1EE38D}
		{53D7AB40-79AF-4B29-9D60-E7F93DE90ED1} = {4268F245-1EF0-4841-9762-F66FF9EBDD3E}
		{11250871-D5EA-4DD4-A523-B212AF17246D} = {D88E52D4-A3E8-4D59-B137-04C14687D9A2}
		{70FA9F5E-AF02-4FA4-84B7-2ADBC416290C} = {D88E52D4-A3E8-4D59-B137-04C14687D9A2}
		{6319D22E-C557-45A8-A5B7-8E7C15D6A405} = {66DEE213-C508-4193-B9F9-31092B41819B}
		{0BF2B8E5-BEAF-4555-A54A-C51BB9243701} = {92DCC593-F84F-41B8-823D-24B2E27D5054}
		{5C0634D6-1946-42B9-8B83-B7758B31B785} = {989C187B-E10E-42C3-BB6D-D3310E1EE38D}
		{D903CCCE-4B86-4C7B-BE20-16C174148E7A} = {5C0634D6-1946-42B9-8B83-B7758B31B785}
	EndGlobalSection
EndGlobal
